
Microsoft Visual Studio Solution File, Format Version 12.00
# Visual Studio Version 17
VisualStudioVersion = 17.1.32328.378
MinimumVisualStudioVersion = 10.0.40219.1
Project("{FAE04EC0-301F-11D3-BF4B-00C04F79EFBC}") = "Task3", "Task3\Task3.csproj", "{03152BB9-E68D-4D1C-8B80-6C719F7B1DA2}"
EndProject
Global
	GlobalSection(SolutionConfigurationPlatforms) = preSolution
		Debug|Any CPU = Debug|Any CPU
		Release|Any CPU = Release|Any CPU
	EndGlobalSection
	GlobalSection(ProjectConfigurationPlatforms) = postSolution
		{03152BB9-E68D-4D1C-8B80-6C719F7B1DA2}.Debug|Any CPU.ActiveCfg = Debug|Any CPU
		{03152BB9-E68D-4D1C-8B80-6C719F7B1DA2}.Debug|Any CPU.Build.0 = Debug|Any CPU
		{03152BB9-E68D-4D1C-8B80-6C719F7B1DA2}.Release|Any CPU.ActiveCfg = Release|Any CPU
		{03152BB9-E68D-4D1C-8B80-6C719F7B1DA2}.Release|Any CPU.Build.0 = Release|Any CPU
	EndGlobalSection
	GlobalSection(SolutionProperties) = preSolution
		HideSolutionNode = FALSE
	EndGlobalSection
	GlobalSection(ExtensibilityGlobals) = postSolution
		SolutionGuid = {2FA3EC86-8670-4F8D-B09A-9DC24F736DBC}
	EndGlobalSection
EndGlobal
